
Microsoft Visual Studio Solution File, Format Version 12.00
# Visual Studio 15
VisualStudioVersion = 15.0.27130.2027
MinimumVisualStudioVersion = 10.0.40219.1
Project("{FAE04EC0-301F-11D3-BF4B-00C04F79EFBC}") = "Database", "Database\Database.csproj", "{113E2DE9-C203-4743-9AB4-3A98A2302DF5}"
EndProject
Global
	GlobalSection(SolutionConfigurationPlatforms) = preSolution
		Debug|Any CPU = Debug|Any CPU
		Release|Any CPU = Release|Any CPU
	EndGlobalSection
	GlobalSection(ProjectConfigurationPlatforms) = postSolution
		{113E2DE9-C203-4743-9AB4-3A98A2302DF5}.Debug|Any CPU.ActiveCfg = Debug|Any CPU
		{113E2DE9-C203-4743-9AB4-3A98A2302DF5}.Debug|Any CPU.Build.0 = Debug|Any CPU
		{113E2DE9-C203-4743-9AB4-3A98A2302DF5}.Release|Any CPU.ActiveCfg = Release|Any CPU
		{113E2DE9-C203-4743-9AB4-3A98A2302DF5}.Release|Any CPU.Build.0 = Release|Any CPU
	EndGlobalSection
	GlobalSection(SolutionProperties) = preSolution
		HideSolutionNode = FALSE
	EndGlobalSection
	GlobalSection(ExtensibilityGlobals) = postSolution
		SolutionGuid = {9308D4BF-FF0E-48C1-BBFF-5FE37566724A}
	EndGlobalSection
EndGlobal
